
Microsoft Visual Studio Solution File, Format Version 12.00
# Visual Studio Version 17
VisualStudioVersion = 17.10.34928.147
MinimumVisualStudioVersion = 10.0.40219.1
Project("{FAE04EC0-301F-11D3-BF4B-00C04F79EFBC}") = "E-Commerce", "E-Commerce\E-Commerce.csproj", "{80D41D43-D24C-4BFE-97A6-5E98D9FA532D}"
EndProject
Global
	GlobalSection(SolutionConfigurationPlatforms) = preSolution
		Debug|Any CPU = Debug|Any CPU
		Release|Any CPU = Release|Any CPU
	EndGlobalSection
	GlobalSection(ProjectConfigurationPlatforms) = postSolution
		{80D41D43-D24C-4BFE-97A6-5E98D9FA532D}.Debug|Any CPU.ActiveCfg = Debug|Any CPU
		{80D41D43-D24C-4BFE-97A6-5E98D9FA532D}.Debug|Any CPU.Build.0 = Debug|Any CPU
		{80D41D43-D24C-4BFE-97A6-5E98D9FA532D}.Release|Any CPU.ActiveCfg = Release|Any CPU
		{80D41D43-D24C-4BFE-97A6-5E98D9FA532D}.Release|Any CPU.Build.0 = Release|Any CPU
	EndGlobalSection
	GlobalSection(SolutionProperties) = preSolution
		HideSolutionNode = FALSE
	EndGlobalSection
	GlobalSection(ExtensibilityGlobals) = postSolution
		SolutionGuid = {00A06AE0-88F4-4C5C-987C-D8BAA9EB2636}
	EndGlobalSection
EndGlobal
